
Microsoft Visual Studio Solution File, Format Version 12.00
# Visual Studio 15
VisualStudioVersion = 15.0.28010.2019
MinimumVisualStudioVersion = 10.0.40219.1
Project("{FAE04EC0-301F-11D3-BF4B-00C04F79EFBC}") = "LabNeuropsico", "LabNeuropsico\LabNeuropsico.csproj", "{92007049-997B-4557-9A60-2C6536E8A954}"
EndProject
Project("{FAE04EC0-301F-11D3-BF4B-00C04F79EFBC}") = "LabNeuropsico.Model", "LabNeuropsico.Model\LabNeuropsico.Model.csproj", "{27CF71A8-86C1-4B45-8719-89E189319FB5}"
EndProject
Project("{FAE04EC0-301F-11D3-BF4B-00C04F79EFBC}") = "LabNeuropsico.Guia", "LabNeuropsico.Guia\LabNeuropsico.Guia.csproj", "{7BC8682F-4831-4637-9B50-DDDBB2CB14DA}"
EndProject
Project("{54435603-DBB4-11D2-8724-00A0C9A8B90C}") = "Setup", "Setup\Setup.vdproj", "{C3D4345C-9EC4-4921-83B5-92EA07197192}"
EndProject
Global
	GlobalSection(SolutionConfigurationPlatforms) = preSolution
		Debug|Any CPU = Debug|Any CPU
		Release|Any CPU = Release|Any CPU
	EndGlobalSection
	GlobalSection(ProjectConfigurationPlatforms) = postSolution
		{92007049-997B-4557-9A60-2C6536E8A954}.Debug|Any CPU.ActiveCfg = Debug|Any CPU
		{92007049-997B-4557-9A60-2C6536E8A954}.Debug|Any CPU.Build.0 = Debug|Any CPU
		{92007049-997B-4557-9A60-2C6536E8A954}.Release|Any CPU.ActiveCfg = Release|Any CPU
		{92007049-997B-4557-9A60-2C6536E8A954}.Release|Any CPU.Build.0 = Release|Any CPU
		{27CF71A8-86C1-4B45-8719-89E189319FB5}.Debug|Any CPU.ActiveCfg = Debug|Any CPU
		{27CF71A8-86C1-4B45-8719-89E189319FB5}.Debug|Any CPU.Build.0 = Debug|Any CPU
		{27CF71A8-86C1-4B45-8719-89E189319FB5}.Release|Any CPU.ActiveCfg = Release|Any CPU
		{27CF71A8-86C1-4B45-8719-89E189319FB5}.Release|Any CPU.Build.0 = Release|Any CPU
		{7BC8682F-4831-4637-9B50-DDDBB2CB14DA}.Debug|Any CPU.ActiveCfg = Debug|Any CPU
		{7BC8682F-4831-4637-9B50-DDDBB2CB14DA}.Debug|Any CPU.Build.0 = Debug|Any CPU
		{7BC8682F-4831-4637-9B50-DDDBB2CB14DA}.Release|Any CPU.ActiveCfg = Release|Any CPU
		{7BC8682F-4831-4637-9B50-DDDBB2CB14DA}.Release|Any CPU.Build.0 = Release|Any CPU
		{C3D4345C-9EC4-4921-83B5-92EA07197192}.Debug|Any CPU.ActiveCfg = Debug
		{C3D4345C-9EC4-4921-83B5-92EA07197192}.Release|Any CPU.ActiveCfg = Release
	EndGlobalSection
	GlobalSection(SolutionProperties) = preSolution
		HideSolutionNode = FALSE
	EndGlobalSection
	GlobalSection(ExtensibilityGlobals) = postSolution
		SolutionGuid = {BD97DD75-163B-4F56-A734-1F49BE5CA581}
	EndGlobalSection
EndGlobal
